
Microsoft Visual Studio Solution File, Format Version 12.00
# Visual Studio Version 16
VisualStudioVersion = 16.0.32126.315
MinimumVisualStudioVersion = 10.0.40219.1
Project("{FAE04EC0-301F-11D3-BF4B-00C04F79EFBC}") = "AuthenticationLab", "AuthenticationLab\AuthenticationLab.csproj", "{A6118336-C14F-4849-AB3B-BAA1D3C43245}"
EndProject
Global
	GlobalSection(SolutionConfigurationPlatforms) = preSolution
		Debug|Any CPU = Debug|Any CPU
		Release|Any CPU = Release|Any CPU
	EndGlobalSection
	GlobalSection(ProjectConfigurationPlatforms) = postSolution
		{A6118336-C14F-4849-AB3B-BAA1D3C43245}.Debug|Any CPU.ActiveCfg = Debug|Any CPU
		{A6118336-C14F-4849-AB3B-BAA1D3C43245}.Debug|Any CPU.Build.0 = Debug|Any CPU
		{A6118336-C14F-4849-AB3B-BAA1D3C43245}.Release|Any CPU.ActiveCfg = Release|Any CPU
		{A6118336-C14F-4849-AB3B-BAA1D3C43245}.Release|Any CPU.Build.0 = Release|Any CPU
	EndGlobalSection
	GlobalSection(SolutionProperties) = preSolution
		HideSolutionNode = FALSE
	EndGlobalSection
	GlobalSection(ExtensibilityGlobals) = postSolution
		SolutionGuid = {9DE15AA3-5A76-4D82-B7F5-FE69194925BE}
	EndGlobalSection
EndGlobal
